
Microsoft Visual Studio Solution File, Format Version 12.00
# Visual Studio Version 16
VisualStudioVersion = 16.0.32106.194
MinimumVisualStudioVersion = 10.0.40219.1
Project("{9A19103F-16F7-4668-BE54-9A1E7A4F7556}") = "InternetBank.API", "InternetBank.API\InternetBank.API.csproj", "{CBED530A-D7B7-4A28-AB42-435BEEB4E0FC}"
EndProject
Project("{9A19103F-16F7-4668-BE54-9A1E7A4F7556}") = "InternetBank.Business", "InternetBank.Business\InternetBank.Business.csproj", "{6CD38DE4-A492-45CD-BDCC-F520522B7E69}"
EndProject
Project("{9A19103F-16F7-4668-BE54-9A1E7A4F7556}") = "InternetBank.Entities", "InternetBank.Entities\InternetBank.Entities.csproj", "{98987EF1-D0B1-467F-8B7D-96751FFE09DB}"
EndProject
Project("{9A19103F-16F7-4668-BE54-9A1E7A4F7556}") = "InternetBank.Data", "InternetBank.Data\InternetBank.Data.csproj", "{AAB13786-1DDD-40F1-A9F8-558B1B958312}"
EndProject
Project("{9A19103F-16F7-4668-BE54-9A1E7A4F7556}") = "InternetBank.Core", "InternetBank.Core\InternetBank.Core.csproj", "{532C6163-B545-4F37-8F1B-2A7B00A61C74}"
EndProject
Global
	GlobalSection(SolutionConfigurationPlatforms) = preSolution
		Debug|Any CPU = Debug|Any CPU
		Release|Any CPU = Release|Any CPU
	EndGlobalSection
	GlobalSection(ProjectConfigurationPlatforms) = postSolution
		{CBED530A-D7B7-4A28-AB42-435BEEB4E0FC}.Debug|Any CPU.ActiveCfg = Debug|Any CPU
		{CBED530A-D7B7-4A28-AB42-435BEEB4E0FC}.Debug|Any CPU.Build.0 = Debug|Any CPU
		{CBED530A-D7B7-4A28-AB42-435BEEB4E0FC}.Release|Any CPU.ActiveCfg = Release|Any CPU
		{CBED530A-D7B7-4A28-AB42-435BEEB4E0FC}.Release|Any CPU.Build.0 = Release|Any CPU
		{6CD38DE4-A492-45CD-BDCC-F520522B7E69}.Debug|Any CPU.ActiveCfg = Debug|Any CPU
		{6CD38DE4-A492-45CD-BDCC-F520522B7E69}.Debug|Any CPU.Build.0 = Debug|Any CPU
		{6CD38DE4-A492-45CD-BDCC-F520522B7E69}.Release|Any CPU.ActiveCfg = Release|Any CPU
		{6CD38DE4-A492-45CD-BDCC-F520522B7E69}.Release|Any CPU.Build.0 = Release|Any CPU
		{98987EF1-D0B1-467F-8B7D-96751FFE09DB}.Debug|Any CPU.ActiveCfg = Debug|Any CPU
		{98987EF1-D0B1-467F-8B7D-96751FFE09DB}.Debug|Any CPU.Build.0 = Debug|Any CPU
		{98987EF1-D0B1-467F-8B7D-96751FFE09DB}.Release|Any CPU.ActiveCfg = Release|Any CPU
		{98987EF1-D0B1-467F-8B7D-96751FFE09DB}.Release|Any CPU.Build.0 = Release|Any CPU
		{AAB13786-1DDD-40F1-A9F8-558B1B958312}.Debug|Any CPU.ActiveCfg = Debug|Any CPU
		{AAB13786-1DDD-40F1-A9F8-558B1B958312}.Debug|Any CPU.Build.0 = Debug|Any CPU
		{AAB13786-1DDD-40F1-A9F8-558B1B958312}.Release|Any CPU.ActiveCfg = Release|Any CPU
		{AAB13786-1DDD-40F1-A9F8-558B1B958312}.Release|Any CPU.Build.0 = Release|Any CPU
		{532C6163-B545-4F37-8F1B-2A7B00A61C74}.Debug|Any CPU.ActiveCfg = Debug|Any CPU
		{532C6163-B545-4F37-8F1B-2A7B00A61C74}.Debug|Any CPU.Build.0 = Debug|Any CPU
		{532C6163-B545-4F37-8F1B-2A7B00A61C74}.Release|Any CPU.ActiveCfg = Release|Any CPU
		{532C6163-B545-4F37-8F1B-2A7B00A61C74}.Release|Any CPU.Build.0 = Release|Any CPU
	EndGlobalSection
	GlobalSection(SolutionProperties) = preSolution
		HideSolutionNode = FALSE
	EndGlobalSection
	GlobalSection(ExtensibilityGlobals) = postSolution
		SolutionGuid = {131BA5CB-B176-4E07-95F4-86DF2F063FFD}
	EndGlobalSection
EndGlobal
